
Microsoft Visual Studio Solution File, Format Version 12.00
# Visual Studio Version 16
VisualStudioVersion = 16.0.30406.217
MinimumVisualStudioVersion = 10.0.40219.1
Project("{2150E333-8FDC-42A3-9474-1A3956D46DE8}") = "Core", "Core", "{E0534FD8-12B2-44C1-B406-811F705E599A}"
EndProject
Project("{2150E333-8FDC-42A3-9474-1A3956D46DE8}") = "Infrastructure", "Infrastructure", "{91632D40-D968-4DF5-B4BC-EBDE06605D0C}"
EndProject
Project("{2150E333-8FDC-42A3-9474-1A3956D46DE8}") = "UI", "UI", "{A88077C9-4AE5-4957-AA5C-F21BE51EB059}"
EndProject
Project("{9A19103F-16F7-4668-BE54-9A1E7A4F7556}") = "PetShopApplication.Core", "PetShopApplication.Core\PetShopApplication.Core.csproj", "{84CC29B7-CAAD-4B76-9628-C59CA8E16ADA}"
EndProject
Project("{9A19103F-16F7-4668-BE54-9A1E7A4F7556}") = "PetShopApplication.Core.Entities", "PetShopApplication.Core.Entities\PetShopApplication.Core.Entities.csproj", "{9E5F9BEA-E163-4838-B970-820E01548571}"
EndProject
Project("{9A19103F-16F7-4668-BE54-9A1E7A4F7556}") = "PetShopApplication.Infrastructure.Data", "PetShopApplication.Infrastructure.Data\PetShopApplication.Infrastructure.Data.csproj", "{7A79405E-E5B1-45D4-915A-11BACBE69B00}"
EndProject
Project("{9A19103F-16F7-4668-BE54-9A1E7A4F7556}") = "PetShopApplicationSolutionRestAPI", "PetShopApplicationSolution.Web.API\PetShopApplicationSolutionRestAPI.csproj", "{3AA0607E-82B6-42E1-81FC-B3CBD062E3FB}"
EndProject
Project("{9A19103F-16F7-4668-BE54-9A1E7A4F7556}") = "PetShopApplicationSolution.Infrastructure.Data", "PetShopApplicationSolution.Infrastructure.Data\PetShopApplicationSolution.Infrastructure.Data.csproj", "{00522CEA-EEA4-45B8-AEDD-2CC34CB0F014}"
EndProject
Global
	GlobalSection(SolutionConfigurationPlatforms) = preSolution
		Debug|Any CPU = Debug|Any CPU
		Release|Any CPU = Release|Any CPU
	EndGlobalSection
	GlobalSection(ProjectConfigurationPlatforms) = postSolution
		{84CC29B7-CAAD-4B76-9628-C59CA8E16ADA}.Debug|Any CPU.ActiveCfg = Debug|Any CPU
		{84CC29B7-CAAD-4B76-9628-C59CA8E16ADA}.Debug|Any CPU.Build.0 = Debug|Any CPU
		{84CC29B7-CAAD-4B76-9628-C59CA8E16ADA}.Release|Any CPU.ActiveCfg = Release|Any CPU
		{84CC29B7-CAAD-4B76-9628-C59CA8E16ADA}.Release|Any CPU.Build.0 = Release|Any CPU
		{9E5F9BEA-E163-4838-B970-820E01548571}.Debug|Any CPU.ActiveCfg = Debug|Any CPU
		{9E5F9BEA-E163-4838-B970-820E01548571}.Debug|Any CPU.Build.0 = Debug|Any CPU
		{9E5F9BEA-E163-4838-B970-820E01548571}.Release|Any CPU.ActiveCfg = Release|Any CPU
		{9E5F9BEA-E163-4838-B970-820E01548571}.Release|Any CPU.Build.0 = Release|Any CPU
		{7A79405E-E5B1-45D4-915A-11BACBE69B00}.Debug|Any CPU.ActiveCfg = Debug|Any CPU
		{7A79405E-E5B1-45D4-915A-11BACBE69B00}.Debug|Any CPU.Build.0 = Debug|Any CPU
		{7A79405E-E5B1-45D4-915A-11BACBE69B00}.Release|Any CPU.ActiveCfg = Release|Any CPU
		{7A79405E-E5B1-45D4-915A-11BACBE69B00}.Release|Any CPU.Build.0 = Release|Any CPU
		{3AA0607E-82B6-42E1-81FC-B3CBD062E3FB}.Debug|Any CPU.ActiveCfg = Debug|Any CPU
		{3AA0607E-82B6-42E1-81FC-B3CBD062E3FB}.Debug|Any CPU.Build.0 = Debug|Any CPU
		{3AA0607E-82B6-42E1-81FC-B3CBD062E3FB}.Release|Any CPU.ActiveCfg = Release|Any CPU
		{3AA0607E-82B6-42E1-81FC-B3CBD062E3FB}.Release|Any CPU.Build.0 = Release|Any CPU
		{00522CEA-EEA4-45B8-AEDD-2CC34CB0F014}.Debug|Any CPU.ActiveCfg = Debug|Any CPU
		{00522CEA-EEA4-45B8-AEDD-2CC34CB0F014}.Debug|Any CPU.Build.0 = Debug|Any CPU
		{00522CEA-EEA4-45B8-AEDD-2CC34CB0F014}.Release|Any CPU.ActiveCfg = Release|Any CPU
		{00522CEA-EEA4-45B8-AEDD-2CC34CB0F014}.Release|Any CPU.Build.0 = Release|Any CPU
	EndGlobalSection
	GlobalSection(SolutionProperties) = preSolution
		HideSolutionNode = FALSE
	EndGlobalSection
	GlobalSection(NestedProjects) = preSolution
		{84CC29B7-CAAD-4B76-9628-C59CA8E16ADA} = {E0534FD8-12B2-44C1-B406-811F705E599A}
		{9E5F9BEA-E163-4838-B970-820E01548571} = {E0534FD8-12B2-44C1-B406-811F705E599A}
		{7A79405E-E5B1-45D4-915A-11BACBE69B00} = {91632D40-D968-4DF5-B4BC-EBDE06605D0C}
		{3AA0607E-82B6-42E1-81FC-B3CBD062E3FB} = {A88077C9-4AE5-4957-AA5C-F21BE51EB059}
		{00522CEA-EEA4-45B8-AEDD-2CC34CB0F014} = {91632D40-D968-4DF5-B4BC-EBDE06605D0C}
	EndGlobalSection
	GlobalSection(ExtensibilityGlobals) = postSolution
		SolutionGuid = {DE434651-022C-4C91-A7E5-A8CD4289E08F}
	EndGlobalSection
EndGlobal
